github.com/pyke369/golang-support v0.0.0-20220213172949-676c1a44f824 h1:k2ddLVtH7mUlcXXGhwu+8clLkWcjYVEloPf5wDhYGZw=
github.com/pyke369/golang-support v0.0.0-20220213172949-676c1a44f824/go.mod h1:0XGrzgrEp0fa/+JSV8XZePUwyjnU6C3bMc7Xz2bHHKI=
golang.org/x/sys v0.0.0-20220227234510-4e6760a101f9 h1:nhht2DYV/Sn3qOayu8lM+cU1ii9sTLUeBQwQQfUHtrs=
golang.org/x/sys v0.0.0-20220227234510-4e6760a101f9/go.mod h1:oPkhp1MJrh7nUepCBck5+mAzfO9JrbApNNgaTdGDITg=
